
Microsoft Visual Studio Solution File, Format Version 12.00
# Visual Studio Version 17
VisualStudioVersion = 17.3.32819.101
MinimumVisualStudioVersion = 10.0.40219.1
Project("{9A19103F-16F7-4668-BE54-9A1E7A4F7556}") = "MedLabO", "MedLabO\MedLabO.csproj", "{FB7BAF00-1E14-4E34-B32E-9D0EFF439128}"
EndProject
Project("{9A19103F-16F7-4668-BE54-9A1E7A4F7556}") = "MedLabO.Models", "MedLabO.Models\MedLabO.Models.csproj", "{34BA69D4-76D2-409C-84BC-B4E36E9AC9CF}"
EndProject
Project("{9A19103F-16F7-4668-BE54-9A1E7A4F7556}") = "MedLabO.Services", "MedLabO.Services\MedLabO.Services.csproj", "{5EFBAFFA-CCD7-43DA-9E72-D0FB51E9F9F1}"
EndProject
Project("{2150E333-8FDC-42A3-9474-1A3956D46DE8}") = "Solution Items", "Solution Items", "{240B283E-BED9-405E-A09C-8218F340B0BF}"
	ProjectSection(SolutionItems) = preProject
		Dockerfile = Dockerfile
	EndProjectSection
EndProject
Project("{FAE04EC0-301F-11D3-BF4B-00C04F79EFBC}") = "RabbitMQEmailNotifier", "RabbitMQSubscriber\RabbitMQEmailNotifier.csproj", "{528D9E4F-24C4-4035-A24A-F51F18B50D87}"
EndProject
Global
	GlobalSection(SolutionConfigurationPlatforms) = preSolution
		Debug|Any CPU = Debug|Any CPU
		Release|Any CPU = Release|Any CPU
	EndGlobalSection
	GlobalSection(ProjectConfigurationPlatforms) = postSolution
		{FB7BAF00-1E14-4E34-B32E-9D0EFF439128}.Debug|Any CPU.ActiveCfg = Debug|Any CPU
		{FB7BAF00-1E14-4E34-B32E-9D0EFF439128}.Debug|Any CPU.Build.0 = Debug|Any CPU
		{FB7BAF00-1E14-4E34-B32E-9D0EFF439128}.Release|Any CPU.ActiveCfg = Release|Any CPU
		{FB7BAF00-1E14-4E34-B32E-9D0EFF439128}.Release|Any CPU.Build.0 = Release|Any CPU
		{34BA69D4-76D2-409C-84BC-B4E36E9AC9CF}.Debug|Any CPU.ActiveCfg = Debug|Any CPU
		{34BA69D4-76D2-409C-84BC-B4E36E9AC9CF}.Debug|Any CPU.Build.0 = Debug|Any CPU
		{34BA69D4-76D2-409C-84BC-B4E36E9AC9CF}.Release|Any CPU.ActiveCfg = Release|Any CPU
		{34BA69D4-76D2-409C-84BC-B4E36E9AC9CF}.Release|Any CPU.Build.0 = Release|Any CPU
		{5EFBAFFA-CCD7-43DA-9E72-D0FB51E9F9F1}.Debug|Any CPU.ActiveCfg = Debug|Any CPU
		{5EFBAFFA-CCD7-43DA-9E72-D0FB51E9F9F1}.Debug|Any CPU.Build.0 = Debug|Any CPU
		{5EFBAFFA-CCD7-43DA-9E72-D0FB51E9F9F1}.Release|Any CPU.ActiveCfg = Release|Any CPU
		{5EFBAFFA-CCD7-43DA-9E72-D0FB51E9F9F1}.Release|Any CPU.Build.0 = Release|Any CPU
		{528D9E4F-24C4-4035-A24A-F51F18B50D87}.Debug|Any CPU.ActiveCfg = Debug|Any CPU
		{528D9E4F-24C4-4035-A24A-F51F18B50D87}.Debug|Any CPU.Build.0 = Debug|Any CPU
		{528D9E4F-24C4-4035-A24A-F51F18B50D87}.Release|Any CPU.ActiveCfg = Release|Any CPU
		{528D9E4F-24C4-4035-A24A-F51F18B50D87}.Release|Any CPU.Build.0 = Release|Any CPU
	EndGlobalSection
	GlobalSection(SolutionProperties) = preSolution
		HideSolutionNode = FALSE
	EndGlobalSection
	GlobalSection(ExtensibilityGlobals) = postSolution
		SolutionGuid = {0C2F5F5A-E03A-42EE-B8B0-68C6F0500BC2}
	EndGlobalSection
EndGlobal
